
Microsoft Visual Studio Solution File, Format Version 12.00
# Visual Studio 15
VisualStudioVersion = 15.0.28307.572
MinimumVisualStudioVersion = 10.0.40219.1
Project("{FAE04EC0-301F-11D3-BF4B-00C04F79EFBC}") = "Log", "Log\Log.csproj", "{39016592-1702-4168-B508-B152D50D1E7A}"
EndProject
Project("{FAE04EC0-301F-11D3-BF4B-00C04F79EFBC}") = "Test", "Test\Test.csproj", "{F112770B-1344-49B1-B0ED-911CF3AF3900}"
EndProject
Global
	GlobalSection(SolutionConfigurationPlatforms) = preSolution
		Debug|Any CPU = Debug|Any CPU
		Release|Any CPU = Release|Any CPU
	EndGlobalSection
	GlobalSection(ProjectConfigurationPlatforms) = postSolution
		{39016592-1702-4168-B508-B152D50D1E7A}.Debug|Any CPU.ActiveCfg = Debug|Any CPU
		{39016592-1702-4168-B508-B152D50D1E7A}.Debug|Any CPU.Build.0 = Debug|Any CPU
		{39016592-1702-4168-B508-B152D50D1E7A}.Release|Any CPU.ActiveCfg = Release|Any CPU
		{39016592-1702-4168-B508-B152D50D1E7A}.Release|Any CPU.Build.0 = Release|Any CPU
		{F112770B-1344-49B1-B0ED-911CF3AF3900}.Debug|Any CPU.ActiveCfg = Debug|Any CPU
		{F112770B-1344-49B1-B0ED-911CF3AF3900}.Debug|Any CPU.Build.0 = Debug|Any CPU
		{F112770B-1344-49B1-B0ED-911CF3AF3900}.Release|Any CPU.ActiveCfg = Release|Any CPU
		{F112770B-1344-49B1-B0ED-911CF3AF3900}.Release|Any CPU.Build.0 = Release|Any CPU
	EndGlobalSection
	GlobalSection(SolutionProperties) = preSolution
		HideSolutionNode = FALSE
	EndGlobalSection
	GlobalSection(ExtensibilityGlobals) = postSolution
		SolutionGuid = {EB3B3F44-B00D-4594-86F0-7520B1C0756D}
	EndGlobalSection
EndGlobal
